// !$*UTF8*$!
{
	archiveVersion = 1;
	classes = {
	};
	objectVersion = 46;
	objects = {

/* Begin PBXBuildFile section */
		3FADFEEC1B0AA4FE0023256F /* main.m in Sources */ = {isa = PBXBuildFile; fileRef = 3FADFEEB1B0AA4FE0023256F /* main.m */; };
/* End PBXBuildFile section */

/* Begin PBXCopyFilesBuildPhase section */
		3FADFEE61B0AA4FE0023256F /* CopyFiles */ = {
			isa = PBXCopyFilesBuildPhase;
			buildActionMask = 2147483647;
			dstPath = /usr/share/man/man1/;
			dstSubfolderSpec = 0;
			files = (
			);
			runOnlyForDeploymentPostprocessing = 1;
		};
/* End PBXCopyFilesBuildPhase section */

/* Begin PBXFileReference section */
		3FADFEE81B0AA4FE0023256F /* ReservoirSampling */ = {isa = PBXFileReference; explicitFileType = "compiled.mach-o.executable"; includeInIndex = 0; path = ReservoirSampling; sourceTree = BUILT_PRODUCTS_DIR; };
		3FADFEEB1B0AA4FE0023256F /* main.m */ = {isa = PBXFileReference; lastKnownFileType = sourcecode.c.objc; path = main.m; sourceTree = "<group>"; };
/* End PBXFileReference section */

/* Begin PBXFrameworksBuildPhase section */
		3FADFEE51B0AA4FE0023256F /* Frameworks */ = {
			isa = PBXFrameworksBuildPhase;
			buildActionMask = 2147483647;
			files = (
			);
			runOnlyForDeploymentPostprocessing = 0;
		};
/* End PBXFrameworksBuildPhase section */

/* Begin PBXGroup section */
		3FADFEDF1B0AA4FE0023256F = {
			isa = PBXGroup;
			children = (
				3FADFEEA1B0AA4FE0023256F /* ReservoirSampling */,
				3FADFEE91B0AA4FE0023256F /* Products */,
			);
			sourceTree = "<group>";
		};
		3FADFEE91B0AA4FE0023256F /* Products */ = {
			isa = PBXGroup;
			children = (
				3FADFEE81B0AA4FE0023256F /* ReservoirSampling */,
			);
			name = Products;
			sourceTree = "<group>";
		};
		3FADFEEA1B0AA4FE0023256F /* ReservoirSampling */ = {
			isa = PBXGroup;
			children = (
				3FADFEEB1B0AA4FE0023256F /* main.m */,
			);
			path = ReservoirSampling;
			sourceTree = "<group>";
		};
/* End PBXGroup section */

/* Begin PBXNativeTarget section */
		3FADFEE71B0AA4FE0023256F /* ReservoirSampling */ = {
			isa = PBXNativeTarget;
			buildConfigurationList = 3FADFEEF1B0AA4FE0023256F /* Build configuration list for PBXNativeTarget "ReservoirSampling" */;
			buildPhases = (
				3FADFEE41B0AA4FE0023256F /* Sources */,
				3FADFEE51B0AA4FE0023256F /* Frameworks */,
				3FADFEE61B0AA4FE0023256F /* CopyFiles */,
			);
			buildRules = (
			);
			dependencies = (
			);
			name = ReservoirSampling;
			productName = ReservoirSampling;
			productReference = 3FADFEE81B0AA4FE0023256F /* ReservoirSampling */;
			productType = "com.apple.product-type.tool";
		};
/* End PBXNativeTarget section */

/* Begin PBXProject section */
		3FADFEE01B0AA4FE0023256F /* Project object */ = {
			isa = PBXProject;
			attributes = {
				LastUpgradeCheck = 0620;
				ORGANIZATIONNAME = "Ali Panah";
				TargetAttributes = {
					3FADFEE71B0AA4FE0023256F = {
						CreatedOnToolsVersion = 6.2;
					};
				};
			};
			buildConfigurationList = 3FADFEE31B0AA4FE0023256F /* Build configuration list for PBXProject "ReservoirSampling" */;
			compatibilityVersion = "Xcode 3.2";
			developmentRegion = English;
			hasScannedForEncodings = 0;
			knownRegions = (
				en,
			);
			mainGroup = 3FADFEDF1B0AA4FE0023256F;
			productRefGroup = 3FADFEE91B0AA4FE0023256F /* Products */;
			projectDirPath = "";
			projectRoot = "";
			targets = (
				3FADFEE71B0AA4FE0023256F /* ReservoirSampling */,
			);
		};
/* End PBXProject section */

/* Begin PBXSourcesBuildPhase section */
		3FADFEE41B0AA4FE0023256F /* Sources */ = {
			isa = PBXSourcesBuildPhase;
			buildActionMask = 2147483647;
			files = (
				3FADFEEC1B0AA4FE0023256F /* main.m in Sources */,
			);
			runOnlyForDeploymentPostprocessing = 0;
		};
/* End PBXSourcesBuildPhase section */

/* Begin XCBuildConfiguration section */
		3FADFEED1B0AA4FE0023256F /* Debug */ = {
			isa = XCBuildConfiguration;
			buildSettings = {
				ALWAYS_SEARCH_USER_PATHS = NO;
				CLANG_CXX_LANGUAGE_STANDARD = "gnu++0x";
				CLANG_CXX_LIBRARY = "libc++";
				CLANG_ENABLE_MODULES = YES;
				CLANG_ENABLE_OBJC_ARC = YES;
				CLANG_WARN_BOOL_CONVERSION = YES;
				CLANG_WARN_CONSTANT_CONVERSION = YES;
				CLANG_WARN_DIRECT_OBJC_ISA_USAGE = YES_ERROR;
				CLANG_WARN_EMPTY_BODY = YES;
				CLANG_WARN_ENUM_CONVERSION = YES;
				CLANG_WARN_INT_CONVERSION = YES;
				CLANG_WARN_OBJC_ROOT_CLASS = YES_ERROR;
				CLANG_WARN_UNREACHABLE_CODE = YES;
				CLANG_WARN__DUPLICATE_METHOD_MATCH = YES;
				COPY_PHASE_STRIP = NO;
				ENABLE_STRICT_OBJC_MSGSEND = YES;
				GCC_C_LANGUAGE_STANDARD = gnu99;
				GCC_DYNAMIC_NO_PIC = NO;
				GCC_OPTIMIZATION_LEVEL = 0;
				GCC_PREPROCESSOR_DEFINITIONS = (
					"DEBUG=1",
					"$(inherited)",
				);
				GCC_SYMBOLS_PRIVATE_EXTERN = NO;
				GCC_WARN_64_TO_32_BIT_CONVERSION = YES;
				GCC_WARN_ABOUT_RETURN_TYPE = YES_ERROR;
				GCC_WARN_UNDECLARED_SELECTOR = YES;
				GCC_WARN_UNINITIALIZED_AUTOS = YES_AGGRESSIVE;
				GCC_WARN_UNUSED_FUNCTION = YES;
				GCC_WARN_UNUSED_VARIABLE = YES;
				MACOSX_DEPLOYMENT_TARGET = 10.10;
				MTL_ENABLE_DEBUG_INFO = YES;
				ONLY_ACTIVE_ARCH = YES;
				SDKROOT = macosx;
			};
			name = Debug;
		};
		3FADFEEE1B0AA4FE0023256F /* Release */ = {
			isa = XCBuildConfiguration;
			buildSettings = {
				ALWAYS_SEARCH_USER_PATHS = NO;
				CLANG_CXX_LANGUAGE_STANDARD = "gnu++0x";
				CLANG_CXX_LIBRARY = "libc++";
				CLANG_ENABLE_MODULES = YES;
				CLANG_ENABLE_OBJC_ARC = YES;
				CLANG_WARN_BOOL_CONVERSION = YES;
				CLANG_WARN_CONSTANT_CONVERSION = YES;
				CLANG_WARN_DIRECT_OBJC_ISA_USAGE = YES_ERROR;
				CLANG_WARN_EMPTY_BODY = YES;
				CLANG_WARN_ENUM_CONVERSION = YES;
				CLANG_WARN_INT_CONVERSION = YES;
				CLANG_WARN_OBJC_ROOT_CLASS = YES_ERROR;
				CLANG_WARN_UNREACHABLE_CODE = YES;
				CLANG_WARN__DUPLICATE_METHOD_MATCH = YES;
				COPY_PHASE_STRIP = NO;
				DEBUG_INFORMATION_FORMAT = "dwarf-with-dsym";
				ENABLE_NS_ASSERTIONS = NO;
				ENABLE_STRICT_OBJC_MSGSEND = YES;
				GCC_C_LANGUAGE_STANDARD = gnu99;
				GCC_WARN_64_TO_32_BIT_CONVERSION = YES;
				GCC_WARN_ABOUT_RETURN_TYPE = YES_ERROR;
				GCC_WARN_UNDECLARED_SELECTOR = YES;
				GCC_WARN_UNINITIALIZED_AUTOS = YES_AGGRESSIVE;
				GCC_WARN_UNUSED_FUNCTION = YES;
				GCC_WARN_UNUSED_VARIABLE = YES;
				MACOSX_DEPLOYMENT_TARGET = 10.10;
				MTL_ENABLE_DEBUG_INFO = NO;
				SDKROOT = macosx;
			};
			name = Release;
		};
		3FADFEF01B0AA4FE0023256F /* Debug */ = {
			isa = XCBuildConfiguration;
			buildSettings = {
				PRODUCT_NAME = "$(TARGET_NAME)";
			};
			name = Debug;
		};
		3FADFEF11B0AA4FE0023256F /* Release */ = {
			isa = XCBuildConfiguration;
			buildSettings = {
				PRODUCT_NAME = "$(TARGET_NAME)";
			};
			name = Release;
		};
/* End XCBuildConfiguration section */

/* Begin XCConfigurationList section */
		3FADFEE31B0AA4FE0023256F /* Build configuration list for PBXProject "ReservoirSampling" */ = {
			isa = XCConfigurationList;
			buildConfigurations = (
				3FADFEED1B0AA4FE0023256F /* Debug */,
				3FADFEEE1B0AA4FE0023256F /* Release */,
			);
			defaultConfigurationIsVisible = 0;
			defaultConfigurationName = Release;
		};
		3FADFEEF1B0AA4FE0023256F /* Build configuration list for PBXNativeTarget "ReservoirSampling" */ = {
			isa = XCConfigurationList;
			buildConfigurations = (
				3FADFEF01B0AA4FE0023256F /* Debug */,
				3FADFEF11B0AA4FE0023256F /* Release */,
			);
			defaultConfigurationIsVisible = 0;
		};
/* End XCConfigurationList section */
	};
	rootObject = 3FADFEE01B0AA4FE0023256F /* Project object */;
}
